// !$*UTF8*$!
{
	archiveVersion = 1;
	classes = {
	};
	objectVersion = 50;
	objects = {

/* Begin PBXBuildFile section */
		8A5EDD0924EF47AF00505B6D /* AppDelegate.swift in Sources */ = {isa = PBXBuildFile; fileRef = 8A5EDD0824EF47AF00505B6D /* AppDelegate.swift */; };
		8A5EDD0B24EF47B000505B6D /* ViewController.swift in Sources */ = {isa = PBXBuildFile; fileRef = 8A5EDD0A24EF47B000505B6D /* ViewController.swift */; };
		8A5EDD0E24EF47B000505B6D /* Main.storyboard in Resources */ = {isa = PBXBuildFile; fileRef = 8A5EDD0C24EF47B000505B6D /* Main.storyboard */; };
		8A5EDD1024EF47FC00505B6D /* Assets.xcassets in Resources */ = {isa = PBXBuildFile; fileRef = 8A5EDD0F24EF47FC00505B6D /* Assets.xcassets */; };
		8A5EDD1324EF47FC00505B6D /* LaunchScreen.storyboard in Resources */ = {isa = PBXBuildFile; fileRef = 8A5EDD1124EF47FC00505B6D /* LaunchScreen.storyboard */; };
		8A5EDD1E24EF480000505B6D /* GroceryCartTests.swift in Sources */ = {isa = PBXBuildFile; fileRef = 8A5EDD1D24EF480000505B6D /* GroceryCartTests.swift */; };
		8A5EDD2924F0398E00505B6D /* LaunchScreen.swift in Sources */ = {isa = PBXBuildFile; fileRef = 8A5EDD2824F0398D00505B6D /* LaunchScreen.swift */; };
		8A5EDD2C24F0A72E00505B6D /* GroceryStructTests.swift in Sources */ = {isa = PBXBuildFile; fileRef = 8A5EDD2B24F0A72E00505B6D /* GroceryStructTests.swift */; };
		8A5EDD2E24F0A8D000505B6D /* Grocery.swift in Sources */ = {isa = PBXBuildFile; fileRef = 8A5EDD2D24F0A8D000505B6D /* Grocery.swift */; };
		8A5EDD3424F0BDB300505B6D /* GroceryManagerTest.swift in Sources */ = {isa = PBXBuildFile; fileRef = 8A5EDD3324F0BDB300505B6D /* GroceryManagerTest.swift */; };
		8A5EDD3624F0BF0900505B6D /* GroceryManager.swift in Sources */ = {isa = PBXBuildFile; fileRef = 8A5EDD3524F0BF0900505B6D /* GroceryManager.swift */; };
		8A5EDD3824F0EC1D00505B6D /* LibraryViewControllerTest.swift in Sources */ = {isa = PBXBuildFile; fileRef = 8A5EDD3724F0EC1D00505B6D /* LibraryViewControllerTest.swift */; };
/* End PBXBuildFile section */

/* Begin PBXContainerItemProxy section */
		8A5EDD1A24EF480000505B6D /* PBXContainerItemProxy */ = {
			isa = PBXContainerItemProxy;
			containerPortal = 8A5EDCFD24EF47AE00505B6D /* Project object */;
			proxyType = 1;
			remoteGlobalIDString = 8A5EDD0424EF47AF00505B6D;
			remoteInfo = GroceryCart;
		};
/* End PBXContainerItemProxy section */

/* Begin PBXFileReference section */
		8A5EDD0524EF47AF00505B6D /* GroceryCart.app */ = {isa = PBXFileReference; explicitFileType = wrapper.application; includeInIndex = 0; path = GroceryCart.app; sourceTree = BUILT_PRODUCTS_DIR; };
		8A5EDD0824EF47AF00505B6D /* AppDelegate.swift */ = {isa = PBXFileReference; lastKnownFileType = sourcecode.swift; path = AppDelegate.swift; sourceTree = "<group>"; };
		8A5EDD0A24EF47B000505B6D /* ViewController.swift */ = {isa = PBXFileReference; lastKnownFileType = sourcecode.swift; path = ViewController.swift; sourceTree = "<group>"; };
		8A5EDD0D24EF47B000505B6D /* Base */ = {isa = PBXFileReference; lastKnownFileType = file.storyboard; name = Base; path = Base.lproj/Main.storyboard; sourceTree = "<group>"; };
		8A5EDD0F24EF47FC00505B6D /* Assets.xcassets */ = {isa = PBXFileReference; lastKnownFileType = folder.assetcatalog; path = Assets.xcassets; sourceTree = "<group>"; };
		8A5EDD1224EF47FC00505B6D /* Base */ = {isa = PBXFileReference; lastKnownFileType = file.storyboard; name = Base; path = Base.lproj/LaunchScreen.storyboard; sourceTree = "<group>"; };
		8A5EDD1424EF47FC00505B6D /* Info.plist */ = {isa = PBXFileReference; lastKnownFileType = text.plist.xml; path = Info.plist; sourceTree = "<group>"; };
		8A5EDD1924EF480000505B6D /* GroceryCartTests.xctest */ = {isa = PBXFileReference; explicitFileType = wrapper.cfbundle; includeInIndex = 0; path = GroceryCartTests.xctest; sourceTree = BUILT_PRODUCTS_DIR; };
		8A5EDD1D24EF480000505B6D /* GroceryCartTests.swift */ = {isa = PBXFileReference; lastKnownFileType = sourcecode.swift; path = GroceryCartTests.swift; sourceTree = "<group>"; };
		8A5EDD1F24EF480000505B6D /* Info.plist */ = {isa = PBXFileReference; lastKnownFileType = text.plist.xml; path = Info.plist; sourceTree = "<group>"; };
		8A5EDD2824F0398D00505B6D /* LaunchScreen.swift */ = {isa = PBXFileReference; lastKnownFileType = sourcecode.swift; path = LaunchScreen.swift; sourceTree = "<group>"; };
		8A5EDD2B24F0A72E00505B6D /* GroceryStructTests.swift */ = {isa = PBXFileReference; lastKnownFileType = sourcecode.swift; path = GroceryStructTests.swift; sourceTree = "<group>"; };
		8A5EDD2D24F0A8D000505B6D /* Grocery.swift */ = {isa = PBXFileReference; lastKnownFileType = sourcecode.swift; path = Grocery.swift; sourceTree = "<group>"; };
		8A5EDD3324F0BDB300505B6D /* GroceryManagerTest.swift */ = {isa = PBXFileReference; lastKnownFileType = sourcecode.swift; path = GroceryManagerTest.swift; sourceTree = "<group>"; };
		8A5EDD3524F0BF0900505B6D /* GroceryManager.swift */ = {isa = PBXFileReference; lastKnownFileType = sourcecode.swift; path = GroceryManager.swift; sourceTree = "<group>"; };
		8A5EDD3724F0EC1D00505B6D /* LibraryViewControllerTest.swift */ = {isa = PBXFileReference; lastKnownFileType = sourcecode.swift; path = LibraryViewControllerTest.swift; sourceTree = "<group>"; };
/* End PBXFileReference section */

/* Begin PBXFrameworksBuildPhase section */
		8A5EDD0224EF47AF00505B6D /* Frameworks */ = {
			isa = PBXFrameworksBuildPhase;
			buildActionMask = 2147483647;
			files = (
			);
			runOnlyForDeploymentPostprocessing = 0;
		};
		8A5EDD1624EF480000505B6D /* Frameworks */ = {
			isa = PBXFrameworksBuildPhase;
			buildActionMask = 2147483647;
			files = (
			);
			runOnlyForDeploymentPostprocessing = 0;
		};
/* End PBXFrameworksBuildPhase section */

/* Begin PBXGroup section */
		8A5EDCFC24EF47AE00505B6D = {
			isa = PBXGroup;
			children = (
				8A5EDD0724EF47AF00505B6D /* GroceryCart */,
				8A5EDD1C24EF480000505B6D /* GroceryCartTests */,
				8A5EDD0624EF47AF00505B6D /* Products */,
			);
			sourceTree = "<group>";
		};
		8A5EDD0624EF47AF00505B6D /* Products */ = {
			isa = PBXGroup;
			children = (
				8A5EDD0524EF47AF00505B6D /* GroceryCart.app */,
				8A5EDD1924EF480000505B6D /* GroceryCartTests.xctest */,
			);
			name = Products;
			sourceTree = "<group>";
		};
		8A5EDD0724EF47AF00505B6D /* GroceryCart */ = {
			isa = PBXGroup;
			children = (
				8A5EDD3024F0B9BC00505B6D /* Controllers */,
				8A5EDD2F24F0B99C00505B6D /* Models */,
				8A5EDD0824EF47AF00505B6D /* AppDelegate.swift */,
				8A5EDD2824F0398D00505B6D /* LaunchScreen.swift */,
				8A5EDD0C24EF47B000505B6D /* Main.storyboard */,
				8A5EDD0F24EF47FC00505B6D /* Assets.xcassets */,
				8A5EDD1124EF47FC00505B6D /* LaunchScreen.storyboard */,
				8A5EDD1424EF47FC00505B6D /* Info.plist */,
			);
			path = GroceryCart;
			sourceTree = "<group>";
		};
		8A5EDD1C24EF480000505B6D /* GroceryCartTests */ = {
			isa = PBXGroup;
			children = (
				8A5EDD3224F0BA0F00505B6D /* Test Controllers */,
				8A5EDD3124F0B9F500505B6D /* Test Models */,
				8A5EDD1D24EF480000505B6D /* GroceryCartTests.swift */,
				8A5EDD1F24EF480000505B6D /* Info.plist */,
			);
			path = GroceryCartTests;
			sourceTree = "<group>";
		};
		8A5EDD2F24F0B99C00505B6D /* Models */ = {
			isa = PBXGroup;
			children = (
				8A5EDD2D24F0A8D000505B6D /* Grocery.swift */,
				8A5EDD3524F0BF0900505B6D /* GroceryManager.swift */,
			);
			path = Models;
			sourceTree = "<group>";
		};
		8A5EDD3024F0B9BC00505B6D /* Controllers */ = {
			isa = PBXGroup;
			children = (
				8A5EDD0A24EF47B000505B6D /* ViewController.swift */,
			);
			path = Controllers;
			sourceTree = "<group>";
		};
		8A5EDD3124F0B9F500505B6D /* Test Models */ = {
			isa = PBXGroup;
			children = (
				8A5EDD2B24F0A72E00505B6D /* GroceryStructTests.swift */,
				8A5EDD3324F0BDB300505B6D /* GroceryManagerTest.swift */,
			);
			path = "Test Models";
			sourceTree = "<group>";
		};
		8A5EDD3224F0BA0F00505B6D /* Test Controllers */ = {
			isa = PBXGroup;
			children = (
				8A5EDD3724F0EC1D00505B6D /* LibraryViewControllerTest.swift */,
			);
			path = "Test Controllers";
			sourceTree = "<group>";
		};
/* End PBXGroup section */

/* Begin PBXNativeTarget section */
		8A5EDD0424EF47AF00505B6D /* GroceryCart */ = {
			isa = PBXNativeTarget;
			buildConfigurationList = 8A5EDD2224EF480000505B6D /* Build configuration list for PBXNativeTarget "GroceryCart" */;
			buildPhases = (
				8A5EDD0124EF47AF00505B6D /* Sources */,
				8A5EDD0224EF47AF00505B6D /* Frameworks */,
				8A5EDD0324EF47AF00505B6D /* Resources */,
			);
			buildRules = (
			);
			dependencies = (
			);
			name = GroceryCart;
			productName = GroceryCart;
			productReference = 8A5EDD0524EF47AF00505B6D /* GroceryCart.app */;
			productType = "com.apple.product-type.application";
		};
		8A5EDD1824EF480000505B6D /* GroceryCartTests */ = {
			isa = PBXNativeTarget;
			buildConfigurationList = 8A5EDD2524EF480000505B6D /* Build configuration list for PBXNativeTarget "GroceryCartTests" */;
			buildPhases = (
				8A5EDD1524EF480000505B6D /* Sources */,
				8A5EDD1624EF480000505B6D /* Frameworks */,
				8A5EDD1724EF480000505B6D /* Resources */,
			);
			buildRules = (
			);
			dependencies = (
				8A5EDD1B24EF480000505B6D /* PBXTargetDependency */,
			);
			name = GroceryCartTests;
			productName = GroceryCartTests;
			productReference = 8A5EDD1924EF480000505B6D /* GroceryCartTests.xctest */;
			productType = "com.apple.product-type.bundle.unit-test";
		};
/* End PBXNativeTarget section */

/* Begin PBXProject section */
		8A5EDCFD24EF47AE00505B6D /* Project object */ = {
			isa = PBXProject;
			attributes = {
				LastSwiftUpdateCheck = 1010;
				LastUpgradeCheck = 1010;
				ORGANIZATIONNAME = "ESSA ALDOWAIHES";
				TargetAttributes = {
					8A5EDD0424EF47AF00505B6D = {
						CreatedOnToolsVersion = 10.1;
					};
					8A5EDD1824EF480000505B6D = {
						CreatedOnToolsVersion = 10.1;
						TestTargetID = 8A5EDD0424EF47AF00505B6D;
					};
				};
			};
			buildConfigurationList = 8A5EDD0024EF47AE00505B6D /* Build configuration list for PBXProject "GroceryCart" */;
			compatibilityVersion = "Xcode 9.3";
			developmentRegion = en;
			hasScannedForEncodings = 0;
			knownRegions = (
				en,
				Base,
			);
			mainGroup = 8A5EDCFC24EF47AE00505B6D;
			productRefGroup = 8A5EDD0624EF47AF00505B6D /* Products */;
			projectDirPath = "";
			projectRoot = "";
			targets = (
				8A5EDD0424EF47AF00505B6D /* GroceryCart */,
				8A5EDD1824EF480000505B6D /* GroceryCartTests */,
			);
		};
/* End PBXProject section */

/* Begin PBXResourcesBuildPhase section */
		8A5EDD0324EF47AF00505B6D /* Resources */ = {
			isa = PBXResourcesBuildPhase;
			buildActionMask = 2147483647;
			files = (
				8A5EDD1324EF47FC00505B6D /* LaunchScreen.storyboard in Resources */,
				8A5EDD1024EF47FC00505B6D /* Assets.xcassets in Resources */,
				8A5EDD0E24EF47B000505B6D /* Main.storyboard in Resources */,
			);
			runOnlyForDeploymentPostprocessing = 0;
		};
		8A5EDD1724EF480000505B6D /* Resources */ = {
			isa = PBXResourcesBuildPhase;
			buildActionMask = 2147483647;
			files = (
			);
			runOnlyForDeploymentPostprocessing = 0;
		};
/* End PBXResourcesBuildPhase section */

/* Begin PBXSourcesBuildPhase section */
		8A5EDD0124EF47AF00505B6D /* Sources */ = {
			isa = PBXSourcesBuildPhase;
			buildActionMask = 2147483647;
			files = (
				8A5EDD3624F0BF0900505B6D /* GroceryManager.swift in Sources */,
				8A5EDD0B24EF47B000505B6D /* ViewController.swift in Sources */,
				8A5EDD0924EF47AF00505B6D /* AppDelegate.swift in Sources */,
				8A5EDD2924F0398E00505B6D /* LaunchScreen.swift in Sources */,
				8A5EDD2E24F0A8D000505B6D /* Grocery.swift in Sources */,
			);
			runOnlyForDeploymentPostprocessing = 0;
		};
		8A5EDD1524EF480000505B6D /* Sources */ = {
			isa = PBXSourcesBuildPhase;
			buildActionMask = 2147483647;
			files = (
				8A5EDD3424F0BDB300505B6D /* GroceryManagerTest.swift in Sources */,
				8A5EDD2C24F0A72E00505B6D /* GroceryStructTests.swift in Sources */,
				8A5EDD3824F0EC1D00505B6D /* LibraryViewControllerTest.swift in Sources */,
				8A5EDD1E24EF480000505B6D /* GroceryCartTests.swift in Sources */,
			);
			runOnlyForDeploymentPostprocessing = 0;
		};
/* End PBXSourcesBuildPhase section */

/* Begin PBXTargetDependency section */
		8A5EDD1B24EF480000505B6D /* PBXTargetDependency */ = {
			isa = PBXTargetDependency;
			target = 8A5EDD0424EF47AF00505B6D /* GroceryCart */;
			targetProxy = 8A5EDD1A24EF480000505B6D /* PBXContainerItemProxy */;
		};
/* End PBXTargetDependency section */

/* Begin PBXVariantGroup section */
		8A5EDD0C24EF47B000505B6D /* Main.storyboard */ = {
			isa = PBXVariantGroup;
			children = (
				8A5EDD0D24EF47B000505B6D /* Base */,
			);
			name = Main.storyboard;
			sourceTree = "<group>";
		};
		8A5EDD1124EF47FC00505B6D /* LaunchScreen.storyboard */ = {
			isa = PBXVariantGroup;
			children = (
				8A5EDD1224EF47FC00505B6D /* Base */,
			);
			name = LaunchScreen.storyboard;
			sourceTree = "<group>";
		};
/* End PBXVariantGroup section */

/* Begin XCBuildConfiguration section */
		8A5EDD2024EF480000505B6D /* Debug */ = {
			isa = XCBuildConfiguration;
			buildSettings = {
				ALWAYS_SEARCH_USER_PATHS = NO;
				CLANG_ANALYZER_NONNULL = YES;
				CLANG_ANALYZER_NUMBER_OBJECT_CONVERSION = YES_AGGRESSIVE;
				CLANG_CXX_LANGUAGE_STANDARD = "gnu++14";
				CLANG_CXX_LIBRARY = "libc++";
				CLANG_ENABLE_MODULES = YES;
				CLANG_ENABLE_OBJC_ARC = YES;
				CLANG_ENABLE_OBJC_WEAK = YES;
				CLANG_WARN_BLOCK_CAPTURE_AUTORELEASING = YES;
				CLANG_WARN_BOOL_CONVERSION = YES;
				CLANG_WARN_COMMA = YES;
				CLANG_WARN_CONSTANT_CONVERSION = YES;
				CLANG_WARN_DEPRECATED_OBJC_IMPLEMENTATIONS = YES;
				CLANG_WARN_DIRECT_OBJC_ISA_USAGE = YES_ERROR;
				CLANG_WARN_DOCUMENTATION_COMMENTS = YES;
				CLANG_WARN_EMPTY_BODY = YES;
				CLANG_WARN_ENUM_CONVERSION = YES;
				CLANG_WARN_INFINITE_RECURSION = YES;
				CLANG_WARN_INT_CONVERSION = YES;
				CLANG_WARN_NON_LITERAL_NULL_CONVERSION = YES;
				CLANG_WARN_OBJC_IMPLICIT_RETAIN_SELF = YES;
				CLANG_WARN_OBJC_LITERAL_CONVERSION = YES;
				CLANG_WARN_OBJC_ROOT_CLASS = YES_ERROR;
				CLANG_WARN_RANGE_LOOP_ANALYSIS = YES;
				CLANG_WARN_STRICT_PROTOTYPES = YES;
				CLANG_WARN_SUSPICIOUS_MOVE = YES;
				CLANG_WARN_UNGUARDED_AVAILABILITY = YES_AGGRESSIVE;
				CLANG_WARN_UNREACHABLE_CODE = YES;
				CLANG_WARN__DUPLICATE_METHOD_MATCH = YES;
				CODE_SIGN_IDENTITY = "iPhone Developer";
				COPY_PHASE_STRIP = NO;
				DEBUG_INFORMATION_FORMAT = dwarf;
				ENABLE_STRICT_OBJC_MSGSEND = YES;
				ENABLE_TESTABILITY = YES;
				GCC_C_LANGUAGE_STANDARD = gnu11;
				GCC_DYNAMIC_NO_PIC = NO;
				GCC_NO_COMMON_BLOCKS = YES;
				GCC_OPTIMIZATION_LEVEL = 0;
				GCC_PREPROCESSOR_DEFINITIONS = (
					"DEBUG=1",
					"$(inherited)",
				);
				GCC_WARN_64_TO_32_BIT_CONVERSION = YES;
				GCC_WARN_ABOUT_RETURN_TYPE = YES_ERROR;
				GCC_WARN_UNDECLARED_SELECTOR = YES;
				GCC_WARN_UNINITIALIZED_AUTOS = YES_AGGRESSIVE;
				GCC_WARN_UNUSED_FUNCTION = YES;
				GCC_WARN_UNUSED_VARIABLE = YES;
				IPHONEOS_DEPLOYMENT_TARGET = 12.1;
				MTL_ENABLE_DEBUG_INFO = INCLUDE_SOURCE;
				MTL_FAST_MATH = YES;
				ONLY_ACTIVE_ARCH = YES;
				SDKROOT = iphoneos;
				SWIFT_ACTIVE_COMPILATION_CONDITIONS = DEBUG;
				SWIFT_OPTIMIZATION_LEVEL = "-Onone";
			};
			name = Debug;
		};
		8A5EDD2124EF480000505B6D /* Release */ = {
			isa = XCBuildConfiguration;
			buildSettings = {
				ALWAYS_SEARCH_USER_PATHS = NO;
				CLANG_ANALYZER_NONNULL = YES;
				CLANG_ANALYZER_NUMBER_OBJECT_CONVERSION = YES_AGGRESSIVE;
				CLANG_CXX_LANGUAGE_STANDARD = "gnu++14";
				CLANG_CXX_LIBRARY = "libc++";
				CLANG_ENABLE_MODULES = YES;
				CLANG_ENABLE_OBJC_ARC = YES;
				CLANG_ENABLE_OBJC_WEAK = YES;
				CLANG_WARN_BLOCK_CAPTURE_AUTORELEASING = YES;
				CLANG_WARN_BOOL_CONVERSION = YES;
				CLANG_WARN_COMMA = YES;
				CLANG_WARN_CONSTANT_CONVERSION = YES;
				CLANG_WARN_DEPRECATED_OBJC_IMPLEMENTATIONS = YES;
				CLANG_WARN_DIRECT_OBJC_ISA_USAGE = YES_ERROR;
				CLANG_WARN_DOCUMENTATION_COMMENTS = YES;
				CLANG_WARN_EMPTY_BODY = YES;
				CLANG_WARN_ENUM_CONVERSION = YES;
				CLANG_WARN_INFINITE_RECURSION = YES;
				CLANG_WARN_INT_CONVERSION = YES;
				CLANG_WARN_NON_LITERAL_NULL_CONVERSION = YES;
				CLANG_WARN_OBJC_IMPLICIT_RETAIN_SELF = YES;
				CLANG_WARN_OBJC_LITERAL_CONVERSION = YES;
				CLANG_WARN_OBJC_ROOT_CLASS = YES_ERROR;
				CLANG_WARN_RANGE_LOOP_ANALYSIS = YES;
				CLANG_WARN_STRICT_PROTOTYPES = YES;
				CLANG_WARN_SUSPICIOUS_MOVE = YES;
				CLANG_WARN_UNGUARDED_AVAILABILITY = YES_AGGRESSIVE;
				CLANG_WARN_UNREACHABLE_CODE = YES;
				CLANG_WARN__DUPLICATE_METHOD_MATCH = YES;
				CODE_SIGN_IDENTITY = "iPhone Developer";
				COPY_PHASE_STRIP = NO;
				DEBUG_INFORMATION_FORMAT = "dwarf-with-dsym";
				ENABLE_NS_ASSERTIONS = NO;
				ENABLE_STRICT_OBJC_MSGSEND = YES;
				GCC_C_LANGUAGE_STANDARD = gnu11;
				GCC_NO_COMMON_BLOCKS = YES;
				GCC_WARN_64_TO_32_BIT_CONVERSION = YES;
				GCC_WARN_ABOUT_RETURN_TYPE = YES_ERROR;
				GCC_WARN_UNDECLARED_SELECTOR = YES;
				GCC_WARN_UNINITIALIZED_AUTOS = YES_AGGRESSIVE;
				GCC_WARN_UNUSED_FUNCTION = YES;
				GCC_WARN_UNUSED_VARIABLE = YES;
				IPHONEOS_DEPLOYMENT_TARGET = 12.1;
				MTL_ENABLE_DEBUG_INFO = NO;
				MTL_FAST_MATH = YES;
				SDKROOT = iphoneos;
				SWIFT_COMPILATION_MODE = wholemodule;
				SWIFT_OPTIMIZATION_LEVEL = "-O";
				VALIDATE_PRODUCT = YES;
			};
			name = Release;
		};
		8A5EDD2324EF480000505B6D /* Debug */ = {
			isa = XCBuildConfiguration;
			buildSettings = {
				ASSETCATALOG_COMPILER_APPICON_NAME = AppIcon;
				CODE_SIGN_STYLE = Automatic;
				DEVELOPMENT_TEAM = 76DC8ERZVB;
				INFOPLIST_FILE = GroceryCart/Info.plist;
				LD_RUNPATH_SEARCH_PATHS = (
					"$(inherited)",
					"@executable_path/Frameworks",
				);
				PRODUCT_BUNDLE_IDENTIFIER = essa10e.GroceryCart;
				PRODUCT_NAME = "$(TARGET_NAME)";
				SWIFT_VERSION = 4.2;
				TARGETED_DEVICE_FAMILY = 1;
			};
			name = Debug;
		};
		8A5EDD2424EF480000505B6D /* Release */ = {
			isa = XCBuildConfiguration;
			buildSettings = {
				ASSETCATALOG_COMPILER_APPICON_NAME = AppIcon;
				CODE_SIGN_STYLE = Automatic;
				DEVELOPMENT_TEAM = 76DC8ERZVB;
				INFOPLIST_FILE = GroceryCart/Info.plist;
				LD_RUNPATH_SEARCH_PATHS = (
					"$(inherited)",
					"@executable_path/Frameworks",
				);
				PRODUCT_BUNDLE_IDENTIFIER = essa10e.GroceryCart;
				PRODUCT_NAME = "$(TARGET_NAME)";
				SWIFT_VERSION = 4.2;
				TARGETED_DEVICE_FAMILY = 1;
			};
			name = Release;
		};
		8A5EDD2624EF480000505B6D /* Debug */ = {
			isa = XCBuildConfiguration;
			buildSettings = {
				ALWAYS_EMBED_SWIFT_STANDARD_LIBRARIES = YES;
				BUNDLE_LOADER = "$(TEST_HOST)";
				CODE_SIGN_STYLE = Automatic;
				DEVELOPMENT_TEAM = 76DC8ERZVB;
				INFOPLIST_FILE = GroceryCartTests/Info.plist;
				LD_RUNPATH_SEARCH_PATHS = (
					"$(inherited)",
					"@executable_path/Frameworks",
					"@loader_path/Frameworks",
				);
				PRODUCT_BUNDLE_IDENTIFIER = essa10e.GroceryCartTests;
				PRODUCT_NAME = "$(TARGET_NAME)";
				SWIFT_VERSION = 4.2;
				TARGETED_DEVICE_FAMILY = "1,2";
				TEST_HOST = "$(BUILT_PRODUCTS_DIR)/GroceryCart.app/GroceryCart";
			};
			name = Debug;
		};
		8A5EDD2724EF480000505B6D /* Release */ = {
			isa = XCBuildConfiguration;
			buildSettings = {
				ALWAYS_EMBED_SWIFT_STANDARD_LIBRARIES = YES;
				BUNDLE_LOADER = "$(TEST_HOST)";
				CODE_SIGN_STYLE = Automatic;
				DEVELOPMENT_TEAM = 76DC8ERZVB;
				INFOPLIST_FILE = GroceryCartTests/Info.plist;
				LD_RUNPATH_SEARCH_PATHS = (
					"$(inherited)",
					"@executable_path/Frameworks",
					"@loader_path/Frameworks",
				);
				PRODUCT_BUNDLE_IDENTIFIER = essa10e.GroceryCartTests;
				PRODUCT_NAME = "$(TARGET_NAME)";
				SWIFT_VERSION = 4.2;
				TARGETED_DEVICE_FAMILY = "1,2";
				TEST_HOST = "$(BUILT_PRODUCTS_DIR)/GroceryCart.app/GroceryCart";
			};
			name = Release;
		};
/* End XCBuildConfiguration section */

/* Begin XCConfigurationList section */
		8A5EDD0024EF47AE00505B6D /* Build configuration list for PBXProject "GroceryCart" */ = {
			isa = XCConfigurationList;
			buildConfigurations = (
				8A5EDD2024EF480000505B6D /* Debug */,
				8A5EDD2124EF480000505B6D /* Release */,
			);
			defaultConfigurationIsVisible = 0;
			defaultConfigurationName = Release;
		};
		8A5EDD2224EF480000505B6D /* Build configuration list for PBXNativeTarget "GroceryCart" */ = {
			isa = XCConfigurationList;
			buildConfigurations = (
				8A5EDD2324EF480000505B6D /* Debug */,
				8A5EDD2424EF480000505B6D /* Release */,
			);
			defaultConfigurationIsVisible = 0;
			defaultConfigurationName = Release;
		};
		8A5EDD2524EF480000505B6D /* Build configuration list for PBXNativeTarget "GroceryCartTests" */ = {
			isa = XCConfigurationList;
			buildConfigurations = (
				8A5EDD2624EF480000505B6D /* Debug */,
				8A5EDD2724EF480000505B6D /* Release */,
			);
			defaultConfigurationIsVisible = 0;
			defaultConfigurationName = Release;
		};
/* End XCConfigurationList section */
	};
	rootObject = 8A5EDCFD24EF47AE00505B6D /* Project object */;
}
